{
  "requires": true,
  "lockfileVersion": 1,
  "dependencies": {
    "@types/webaudioapi": {
      "version": "0.0.27",
      "resolved": "https://registry.npmjs.org/@types/webaudioapi/-/webaudioapi-0.0.27.tgz",
      "integrity": "sha1-ij+Y6qB8tXe+La4iMR03w7VF908="
    },
    "@types/webrtc": {
      "version": "0.0.21",
      "resolved": "https://registry.npmjs.org/@types/webrtc/-/webrtc-0.0.21.tgz",
      "integrity": "sha1-vDz7fiKt0oR2Hl1j761mSw66i4Y="
    },
    "api-ai-javascript": {
      "version": "2.0.0-beta.14",
      "resolved": "https://registry.npmjs.org/api-ai-javascript/-/api-ai-javascript-2.0.0-beta.14.tgz",
      "integrity": "sha1-rpOkE19f8SOZj4J25JBItsbVRT0=",
      "requires": {
        "@types/webaudioapi": "0.0.27",
        "@types/webrtc": "0.0.21"
      }
    }
  }
}
